github.com/blackjack/webcam v0.0.0-20220329180758-ba064708e165 h1:QsIbRyO2tn5eSJZ/skuDqSTo0GWI5H4G1AT7Mm2H0Nw=
github.com/blackjack/webcam v0.0.0-20220329180758-ba064708e165/go.mod h1:G0X+rEqYPWSq0dG8OMf8M446MtKytzpPjgS3HbdOJZ4=
golang.org/x/sys v0.4.0 h1:Zr2JFtRQNX3BCZ8YtxRE9hNJYC8J6I1MVbMg6owUp18=
golang.org/x/sys v0.4.0/go.mod h1:oPkhp1MJrh7nUepCBck5+mAzfO9JrbApNNgaTdGDITg=
